
Microsoft Visual Studio Solution File, Format Version 12.00
Project("{2150E333-8FDC-42A3-9474-1A3956D46DE8}") = "src", "src", "{89C3D54A-A33E-4A15-A160-C754890F9CC5}"
EndProject
Project("{2150E333-8FDC-42A3-9474-1A3956D46DE8}") = "AnimeFranchises", "AnimeFranchises", "{97C3306D-B8C0-4448-B6F7-5B1AA21E0273}"
EndProject
Project("{FAE04EC0-301F-11D3-BF4B-00C04F79EFBC}") = "AnimeFranchises.Domain", "AnimeFranchises.Domain\AnimeFranchises.Domain.csproj", "{FF8815F8-1E64-4576-B793-1044429E8E57}"
EndProject
Project("{FAE04EC0-301F-11D3-BF4B-00C04F79EFBC}") = "AnimeFranchises.Application", "AnimeFranchises.Application\AnimeFranchises.Application.csproj", "{E2AA0B4D-109E-4965-98F4-DE3A002F213B}"
EndProject
Project("{FAE04EC0-301F-11D3-BF4B-00C04F79EFBC}") = "AnimeFranchises.Infrastructure", "AnimeFranchises.Infrastructure\AnimeFranchises.Infrastructure.csproj", "{3E4294A8-B998-40D9-BDF0-B6051450C902}"
EndProject
Project("{FAE04EC0-301F-11D3-BF4B-00C04F79EFBC}") = "AnimeFranchises.Presentation", "AnimeFranchises.Presentation\AnimeFranchises.Presentation.csproj", "{10110F85-7761-49EC-9E3D-10988D85ED37}"
EndProject
Project("{FAE04EC0-301F-11D3-BF4B-00C04F79EFBC}") = "AnimeFranchises.Api", "AnimeFranchises.Api\AnimeFranchises.Api.csproj", "{AEFAAB69-9DA5-40A4-BCBD-3C4E35627FC1}"
EndProject
Project("{2150E333-8FDC-42A3-9474-1A3956D46DE8}") = "Solution Items", "Solution Items", "{A3A4EF1C-5158-42F3-909F-A160641D8FE2}"
	ProjectSection(SolutionItems) = preProject
		compose.yaml = compose.yaml
	EndProjectSection
EndProject
Project("{2150E333-8FDC-42A3-9474-1A3956D46DE8}") = "AnimeSeries", "AnimeSeries", "{76BFA168-D15E-474D-8D38-C6CEAD1CE5F9}"
EndProject
Project("{2150E333-8FDC-42A3-9474-1A3956D46DE8}") = "AnimeMovies", "AnimeMovies", "{97E8CE6F-47DA-452C-B34C-CD848A28B1D4}"
EndProject
Project("{2150E333-8FDC-42A3-9474-1A3956D46DE8}") = "AnimeExtras", "AnimeExtras", "{63838374-156F-4DBD-A73A-8DF4FB9A9C2A}"
EndProject
Project("{FAE04EC0-301F-11D3-BF4B-00C04F79EFBC}") = "AnimeSeries.Domain", "AnimeSeries.Domain\AnimeSeries.Domain.csproj", "{3351BF9B-11AE-4C97-8BA7-50F4D9124D6A}"
EndProject
Project("{FAE04EC0-301F-11D3-BF4B-00C04F79EFBC}") = "AnimeSeries.Presentation", "AnimeSeries.Presentation\AnimeSeries.Presentation.csproj", "{845C332C-72E1-4FC9-960C-C7CD33BC6ADA}"
EndProject
Project("{FAE04EC0-301F-11D3-BF4B-00C04F79EFBC}") = "AnimeSeries.Infrastructure", "AnimeSeries.Infrastructure\AnimeSeries.Infrastructure.csproj", "{9EE34B4E-18F6-4B66-B52B-FEEE739C799D}"
EndProject
Project("{FAE04EC0-301F-11D3-BF4B-00C04F79EFBC}") = "AnimeSeries.Application", "AnimeSeries.Application\AnimeSeries.Application.csproj", "{A7D616B5-CFC3-4080-BD6C-69FC511264CF}"
EndProject
Project("{FAE04EC0-301F-11D3-BF4B-00C04F79EFBC}") = "AnimeSeries.Api", "AnimeSeries.Api\AnimeSeries.Api.csproj", "{18834646-554C-4A1B-AD8E-9201D32B4DC5}"
EndProject
Project("{FAE04EC0-301F-11D3-BF4B-00C04F79EFBC}") = "AnimeMovies.Domain", "AnimeMovies.Domain\AnimeMovies.Domain.csproj", "{55D930B8-4A79-453F-AACB-5574B7749342}"
EndProject
Project("{FAE04EC0-301F-11D3-BF4B-00C04F79EFBC}") = "AnimeMovies.Application", "AnimeMovies.Application\AnimeMovies.Application.csproj", "{5FD4FF6E-3C1A-48E6-8244-FC005DFE0AA2}"
EndProject
Project("{FAE04EC0-301F-11D3-BF4B-00C04F79EFBC}") = "AnimeMovies.Infrastructure", "AnimeMovies.Infrastructure\AnimeMovies.Infrastructure.csproj", "{6137D851-0667-48D0-839C-E658A1F2B219}"
EndProject
Project("{FAE04EC0-301F-11D3-BF4B-00C04F79EFBC}") = "AnimeMovies.Presentation", "AnimeMovies.Presentation\AnimeMovies.Presentation.csproj", "{24B7FC14-22AA-429A-9CE9-AA7B15524A4C}"
EndProject
Project("{FAE04EC0-301F-11D3-BF4B-00C04F79EFBC}") = "AnimeMovies.Api", "AnimeMovies.Api\AnimeMovies.Api.csproj", "{744099D7-AB50-4D81-8306-115CF630724A}"
EndProject
Project("{FAE04EC0-301F-11D3-BF4B-00C04F79EFBC}") = "AnimeExtras.Domain", "AnimeExtras.Domain\AnimeExtras.Domain.csproj", "{2AA8BE5E-5DAA-4F16-B8E7-156434A7612A}"
EndProject
Project("{FAE04EC0-301F-11D3-BF4B-00C04F79EFBC}") = "AnimeExtras.Application", "AnimeExtras.Application\AnimeExtras.Application.csproj", "{3D4CFDA0-CB56-4834-8C44-ABEDFB4CC436}"
EndProject
Project("{FAE04EC0-301F-11D3-BF4B-00C04F79EFBC}") = "AnimeExtras.Infrastructure", "AnimeExtras.Infrastructure\AnimeExtras.Infrastructure.csproj", "{375F914F-12EA-4064-B8E8-D8D194B1BDA9}"
EndProject
Project("{FAE04EC0-301F-11D3-BF4B-00C04F79EFBC}") = "AnimeExtras.Presentation", "AnimeExtras.Presentation\AnimeExtras.Presentation.csproj", "{F9EAA419-AC9C-45D2-A5CA-0E672D025A30}"
EndProject
Project("{FAE04EC0-301F-11D3-BF4B-00C04F79EFBC}") = "AnimeExtras.Api", "AnimeExtras.Api\AnimeExtras.Api.csproj", "{CA7B7682-E57A-4922-826F-A01BE00B1A22}"
EndProject
Project("{FAE04EC0-301F-11D3-BF4B-00C04F79EFBC}") = "ApiGateway", "ApiGateway\ApiGateway.csproj", "{4E2A644B-227A-4CF8-8551-612308E3484E}"
EndProject
Global
	GlobalSection(SolutionConfigurationPlatforms) = preSolution
		Debug|Any CPU = Debug|Any CPU
		Release|Any CPU = Release|Any CPU
	EndGlobalSection
	GlobalSection(NestedProjects) = preSolution
		{97C3306D-B8C0-4448-B6F7-5B1AA21E0273} = {89C3D54A-A33E-4A15-A160-C754890F9CC5}
		{FF8815F8-1E64-4576-B793-1044429E8E57} = {97C3306D-B8C0-4448-B6F7-5B1AA21E0273}
		{E2AA0B4D-109E-4965-98F4-DE3A002F213B} = {97C3306D-B8C0-4448-B6F7-5B1AA21E0273}
		{3E4294A8-B998-40D9-BDF0-B6051450C902} = {97C3306D-B8C0-4448-B6F7-5B1AA21E0273}
		{10110F85-7761-49EC-9E3D-10988D85ED37} = {97C3306D-B8C0-4448-B6F7-5B1AA21E0273}
		{AEFAAB69-9DA5-40A4-BCBD-3C4E35627FC1} = {97C3306D-B8C0-4448-B6F7-5B1AA21E0273}
		{76BFA168-D15E-474D-8D38-C6CEAD1CE5F9} = {89C3D54A-A33E-4A15-A160-C754890F9CC5}
		{97E8CE6F-47DA-452C-B34C-CD848A28B1D4} = {89C3D54A-A33E-4A15-A160-C754890F9CC5}
		{63838374-156F-4DBD-A73A-8DF4FB9A9C2A} = {89C3D54A-A33E-4A15-A160-C754890F9CC5}
		{3351BF9B-11AE-4C97-8BA7-50F4D9124D6A} = {76BFA168-D15E-474D-8D38-C6CEAD1CE5F9}
		{845C332C-72E1-4FC9-960C-C7CD33BC6ADA} = {76BFA168-D15E-474D-8D38-C6CEAD1CE5F9}
		{9EE34B4E-18F6-4B66-B52B-FEEE739C799D} = {76BFA168-D15E-474D-8D38-C6CEAD1CE5F9}
		{A7D616B5-CFC3-4080-BD6C-69FC511264CF} = {76BFA168-D15E-474D-8D38-C6CEAD1CE5F9}
		{18834646-554C-4A1B-AD8E-9201D32B4DC5} = {76BFA168-D15E-474D-8D38-C6CEAD1CE5F9}
		{55D930B8-4A79-453F-AACB-5574B7749342} = {97E8CE6F-47DA-452C-B34C-CD848A28B1D4}
		{5FD4FF6E-3C1A-48E6-8244-FC005DFE0AA2} = {97E8CE6F-47DA-452C-B34C-CD848A28B1D4}
		{6137D851-0667-48D0-839C-E658A1F2B219} = {97E8CE6F-47DA-452C-B34C-CD848A28B1D4}
		{24B7FC14-22AA-429A-9CE9-AA7B15524A4C} = {97E8CE6F-47DA-452C-B34C-CD848A28B1D4}
		{744099D7-AB50-4D81-8306-115CF630724A} = {97E8CE6F-47DA-452C-B34C-CD848A28B1D4}
		{2AA8BE5E-5DAA-4F16-B8E7-156434A7612A} = {63838374-156F-4DBD-A73A-8DF4FB9A9C2A}
		{3D4CFDA0-CB56-4834-8C44-ABEDFB4CC436} = {63838374-156F-4DBD-A73A-8DF4FB9A9C2A}
		{375F914F-12EA-4064-B8E8-D8D194B1BDA9} = {63838374-156F-4DBD-A73A-8DF4FB9A9C2A}
		{F9EAA419-AC9C-45D2-A5CA-0E672D025A30} = {63838374-156F-4DBD-A73A-8DF4FB9A9C2A}
		{CA7B7682-E57A-4922-826F-A01BE00B1A22} = {63838374-156F-4DBD-A73A-8DF4FB9A9C2A}
		{4E2A644B-227A-4CF8-8551-612308E3484E} = {89C3D54A-A33E-4A15-A160-C754890F9CC5}
	EndGlobalSection
	GlobalSection(ProjectConfigurationPlatforms) = postSolution
		{FF8815F8-1E64-4576-B793-1044429E8E57}.Debug|Any CPU.ActiveCfg = Debug|Any CPU
		{FF8815F8-1E64-4576-B793-1044429E8E57}.Debug|Any CPU.Build.0 = Debug|Any CPU
		{FF8815F8-1E64-4576-B793-1044429E8E57}.Release|Any CPU.ActiveCfg = Release|Any CPU
		{FF8815F8-1E64-4576-B793-1044429E8E57}.Release|Any CPU.Build.0 = Release|Any CPU
		{E2AA0B4D-109E-4965-98F4-DE3A002F213B}.Debug|Any CPU.ActiveCfg = Debug|Any CPU
		{E2AA0B4D-109E-4965-98F4-DE3A002F213B}.Debug|Any CPU.Build.0 = Debug|Any CPU
		{E2AA0B4D-109E-4965-98F4-DE3A002F213B}.Release|Any CPU.ActiveCfg = Release|Any CPU
		{E2AA0B4D-109E-4965-98F4-DE3A002F213B}.Release|Any CPU.Build.0 = Release|Any CPU
		{3E4294A8-B998-40D9-BDF0-B6051450C902}.Debug|Any CPU.ActiveCfg = Debug|Any CPU
		{3E4294A8-B998-40D9-BDF0-B6051450C902}.Debug|Any CPU.Build.0 = Debug|Any CPU
		{3E4294A8-B998-40D9-BDF0-B6051450C902}.Release|Any CPU.ActiveCfg = Release|Any CPU
		{3E4294A8-B998-40D9-BDF0-B6051450C902}.Release|Any CPU.Build.0 = Release|Any CPU
		{10110F85-7761-49EC-9E3D-10988D85ED37}.Debug|Any CPU.ActiveCfg = Debug|Any CPU
		{10110F85-7761-49EC-9E3D-10988D85ED37}.Debug|Any CPU.Build.0 = Debug|Any CPU
		{10110F85-7761-49EC-9E3D-10988D85ED37}.Release|Any CPU.ActiveCfg = Release|Any CPU
		{10110F85-7761-49EC-9E3D-10988D85ED37}.Release|Any CPU.Build.0 = Release|Any CPU
		{AEFAAB69-9DA5-40A4-BCBD-3C4E35627FC1}.Debug|Any CPU.ActiveCfg = Debug|Any CPU
		{AEFAAB69-9DA5-40A4-BCBD-3C4E35627FC1}.Debug|Any CPU.Build.0 = Debug|Any CPU
		{AEFAAB69-9DA5-40A4-BCBD-3C4E35627FC1}.Release|Any CPU.ActiveCfg = Release|Any CPU
		{AEFAAB69-9DA5-40A4-BCBD-3C4E35627FC1}.Release|Any CPU.Build.0 = Release|Any CPU
		{3351BF9B-11AE-4C97-8BA7-50F4D9124D6A}.Debug|Any CPU.ActiveCfg = Debug|Any CPU
		{3351BF9B-11AE-4C97-8BA7-50F4D9124D6A}.Debug|Any CPU.Build.0 = Debug|Any CPU
		{3351BF9B-11AE-4C97-8BA7-50F4D9124D6A}.Release|Any CPU.ActiveCfg = Release|Any CPU
		{3351BF9B-11AE-4C97-8BA7-50F4D9124D6A}.Release|Any CPU.Build.0 = Release|Any CPU
		{845C332C-72E1-4FC9-960C-C7CD33BC6ADA}.Debug|Any CPU.ActiveCfg = Debug|Any CPU
		{845C332C-72E1-4FC9-960C-C7CD33BC6ADA}.Debug|Any CPU.Build.0 = Debug|Any CPU
		{845C332C-72E1-4FC9-960C-C7CD33BC6ADA}.Release|Any CPU.ActiveCfg = Release|Any CPU
		{845C332C-72E1-4FC9-960C-C7CD33BC6ADA}.Release|Any CPU.Build.0 = Release|Any CPU
		{9EE34B4E-18F6-4B66-B52B-FEEE739C799D}.Debug|Any CPU.ActiveCfg = Debug|Any CPU
		{9EE34B4E-18F6-4B66-B52B-FEEE739C799D}.Debug|Any CPU.Build.0 = Debug|Any CPU
		{9EE34B4E-18F6-4B66-B52B-FEEE739C799D}.Release|Any CPU.ActiveCfg = Release|Any CPU
		{9EE34B4E-18F6-4B66-B52B-FEEE739C799D}.Release|Any CPU.Build.0 = Release|Any CPU
		{A7D616B5-CFC3-4080-BD6C-69FC511264CF}.Debug|Any CPU.ActiveCfg = Debug|Any CPU
		{A7D616B5-CFC3-4080-BD6C-69FC511264CF}.Debug|Any CPU.Build.0 = Debug|Any CPU
		{A7D616B5-CFC3-4080-BD6C-69FC511264CF}.Release|Any CPU.ActiveCfg = Release|Any CPU
		{A7D616B5-CFC3-4080-BD6C-69FC511264CF}.Release|Any CPU.Build.0 = Release|Any CPU
		{18834646-554C-4A1B-AD8E-9201D32B4DC5}.Debug|Any CPU.ActiveCfg = Debug|Any CPU
		{18834646-554C-4A1B-AD8E-9201D32B4DC5}.Debug|Any CPU.Build.0 = Debug|Any CPU
		{18834646-554C-4A1B-AD8E-9201D32B4DC5}.Release|Any CPU.ActiveCfg = Release|Any CPU
		{18834646-554C-4A1B-AD8E-9201D32B4DC5}.Release|Any CPU.Build.0 = Release|Any CPU
		{55D930B8-4A79-453F-AACB-5574B7749342}.Debug|Any CPU.ActiveCfg = Debug|Any CPU
		{55D930B8-4A79-453F-AACB-5574B7749342}.Debug|Any CPU.Build.0 = Debug|Any CPU
		{55D930B8-4A79-453F-AACB-5574B7749342}.Release|Any CPU.ActiveCfg = Release|Any CPU
		{55D930B8-4A79-453F-AACB-5574B7749342}.Release|Any CPU.Build.0 = Release|Any CPU
		{5FD4FF6E-3C1A-48E6-8244-FC005DFE0AA2}.Debug|Any CPU.ActiveCfg = Debug|Any CPU
		{5FD4FF6E-3C1A-48E6-8244-FC005DFE0AA2}.Debug|Any CPU.Build.0 = Debug|Any CPU
		{5FD4FF6E-3C1A-48E6-8244-FC005DFE0AA2}.Release|Any CPU.ActiveCfg = Release|Any CPU
		{5FD4FF6E-3C1A-48E6-8244-FC005DFE0AA2}.Release|Any CPU.Build.0 = Release|Any CPU
		{6137D851-0667-48D0-839C-E658A1F2B219}.Debug|Any CPU.ActiveCfg = Debug|Any CPU
		{6137D851-0667-48D0-839C-E658A1F2B219}.Debug|Any CPU.Build.0 = Debug|Any CPU
		{6137D851-0667-48D0-839C-E658A1F2B219}.Release|Any CPU.ActiveCfg = Release|Any CPU
		{6137D851-0667-48D0-839C-E658A1F2B219}.Release|Any CPU.Build.0 = Release|Any CPU
		{24B7FC14-22AA-429A-9CE9-AA7B15524A4C}.Debug|Any CPU.ActiveCfg = Debug|Any CPU
		{24B7FC14-22AA-429A-9CE9-AA7B15524A4C}.Debug|Any CPU.Build.0 = Debug|Any CPU
		{24B7FC14-22AA-429A-9CE9-AA7B15524A4C}.Release|Any CPU.ActiveCfg = Release|Any CPU
		{24B7FC14-22AA-429A-9CE9-AA7B15524A4C}.Release|Any CPU.Build.0 = Release|Any CPU
		{744099D7-AB50-4D81-8306-115CF630724A}.Debug|Any CPU.ActiveCfg = Debug|Any CPU
		{744099D7-AB50-4D81-8306-115CF630724A}.Debug|Any CPU.Build.0 = Debug|Any CPU
		{744099D7-AB50-4D81-8306-115CF630724A}.Release|Any CPU.ActiveCfg = Release|Any CPU
		{744099D7-AB50-4D81-8306-115CF630724A}.Release|Any CPU.Build.0 = Release|Any CPU
		{2AA8BE5E-5DAA-4F16-B8E7-156434A7612A}.Debug|Any CPU.ActiveCfg = Debug|Any CPU
		{2AA8BE5E-5DAA-4F16-B8E7-156434A7612A}.Debug|Any CPU.Build.0 = Debug|Any CPU
		{2AA8BE5E-5DAA-4F16-B8E7-156434A7612A}.Release|Any CPU.ActiveCfg = Release|Any CPU
		{2AA8BE5E-5DAA-4F16-B8E7-156434A7612A}.Release|Any CPU.Build.0 = Release|Any CPU
		{3D4CFDA0-CB56-4834-8C44-ABEDFB4CC436}.Debug|Any CPU.ActiveCfg = Debug|Any CPU
		{3D4CFDA0-CB56-4834-8C44-ABEDFB4CC436}.Debug|Any CPU.Build.0 = Debug|Any CPU
		{3D4CFDA0-CB56-4834-8C44-ABEDFB4CC436}.Release|Any CPU.ActiveCfg = Release|Any CPU
		{3D4CFDA0-CB56-4834-8C44-ABEDFB4CC436}.Release|Any CPU.Build.0 = Release|Any CPU
		{375F914F-12EA-4064-B8E8-D8D194B1BDA9}.Debug|Any CPU.ActiveCfg = Debug|Any CPU
		{375F914F-12EA-4064-B8E8-D8D194B1BDA9}.Debug|Any CPU.Build.0 = Debug|Any CPU
		{375F914F-12EA-4064-B8E8-D8D194B1BDA9}.Release|Any CPU.ActiveCfg = Release|Any CPU
		{375F914F-12EA-4064-B8E8-D8D194B1BDA9}.Release|Any CPU.Build.0 = Release|Any CPU
		{F9EAA419-AC9C-45D2-A5CA-0E672D025A30}.Debug|Any CPU.ActiveCfg = Debug|Any CPU
		{F9EAA419-AC9C-45D2-A5CA-0E672D025A30}.Debug|Any CPU.Build.0 = Debug|Any CPU
		{F9EAA419-AC9C-45D2-A5CA-0E672D025A30}.Release|Any CPU.ActiveCfg = Release|Any CPU
		{F9EAA419-AC9C-45D2-A5CA-0E672D025A30}.Release|Any CPU.Build.0 = Release|Any CPU
		{CA7B7682-E57A-4922-826F-A01BE00B1A22}.Debug|Any CPU.ActiveCfg = Debug|Any CPU
		{CA7B7682-E57A-4922-826F-A01BE00B1A22}.Debug|Any CPU.Build.0 = Debug|Any CPU
		{CA7B7682-E57A-4922-826F-A01BE00B1A22}.Release|Any CPU.ActiveCfg = Release|Any CPU
		{CA7B7682-E57A-4922-826F-A01BE00B1A22}.Release|Any CPU.Build.0 = Release|Any CPU
		{4E2A644B-227A-4CF8-8551-612308E3484E}.Debug|Any CPU.ActiveCfg = Debug|Any CPU
		{4E2A644B-227A-4CF8-8551-612308E3484E}.Debug|Any CPU.Build.0 = Debug|Any CPU
		{4E2A644B-227A-4CF8-8551-612308E3484E}.Release|Any CPU.ActiveCfg = Release|Any CPU
		{4E2A644B-227A-4CF8-8551-612308E3484E}.Release|Any CPU.Build.0 = Release|Any CPU
	EndGlobalSection
EndGlobal
