
Microsoft Visual Studio Solution File, Format Version 12.00
# Visual Studio Version 17
VisualStudioVersion = 17.0.31903.59
MinimumVisualStudioVersion = 10.0.40219.1
Project("{2150E333-8FDC-42A3-9474-1A3956D46DE8}") = "src", "src", "{734CA8EB-343C-4325-BCB8-87DAE75787ED}"
EndProject
Project("{2150E333-8FDC-42A3-9474-1A3956D46DE8}") = "AnimeExtras", "AnimeExtras", "{C0488660-1568-44E3-851E-67AF2E3E4E54}"
EndProject
Project("{FAE04EC0-301F-11D3-BF4B-00C04F79EFBC}") = "AnimeExtras.Api", "src\AnimeExtras\AnimeExtras.Api\AnimeExtras.Api.csproj", "{F132502F-22AC-41CA-82E7-BF3E7EE32FDA}"
EndProject
Project("{FAE04EC0-301F-11D3-BF4B-00C04F79EFBC}") = "AnimeExtras.Application", "src\AnimeExtras\AnimeExtras.Application\AnimeExtras.Application.csproj", "{4A795AAE-06B5-431F-9919-6C450CB32A60}"
EndProject
Project("{FAE04EC0-301F-11D3-BF4B-00C04F79EFBC}") = "AnimeExtras.Domain", "src\AnimeExtras\AnimeExtras.Domain\AnimeExtras.Domain.csproj", "{6CCD0DC5-44F1-4433-9551-59BE8661C148}"
EndProject
Project("{FAE04EC0-301F-11D3-BF4B-00C04F79EFBC}") = "AnimeExtras.Infrastructure", "src\AnimeExtras\AnimeExtras.Infrastructure\AnimeExtras.Infrastructure.csproj", "{ED2731FB-91DD-4075-B49A-6F9047C6D3E2}"
EndProject
Project("{FAE04EC0-301F-11D3-BF4B-00C04F79EFBC}") = "AnimeExtras.Presentation", "src\AnimeExtras\AnimeExtras.Presentation\AnimeExtras.Presentation.csproj", "{7152758E-5FB3-49DB-BF1C-A080E94D8AB3}"
EndProject
Project("{2150E333-8FDC-42A3-9474-1A3956D46DE8}") = "AnimeFranchises", "AnimeFranchises", "{9824803E-227D-4DE8-8078-681BBD5C9657}"
EndProject
Project("{FAE04EC0-301F-11D3-BF4B-00C04F79EFBC}") = "AnimeFranchises.Api", "src\AnimeFranchises\AnimeFranchises.Api\AnimeFranchises.Api.csproj", "{0E534191-A3AF-4E65-851F-F4B9E9B3FC12}"
EndProject
Project("{FAE04EC0-301F-11D3-BF4B-00C04F79EFBC}") = "AnimeFranchises.Application", "src\AnimeFranchises\AnimeFranchises.Application\AnimeFranchises.Application.csproj", "{3DA711B0-6F84-4707-B882-84614EF1461D}"
EndProject
Project("{FAE04EC0-301F-11D3-BF4B-00C04F79EFBC}") = "AnimeFranchises.Domain", "src\AnimeFranchises\AnimeFranchises.Domain\AnimeFranchises.Domain.csproj", "{9F32D7B8-A361-422B-BE74-39E21DC0639F}"
EndProject
Project("{FAE04EC0-301F-11D3-BF4B-00C04F79EFBC}") = "AnimeFranchises.Infrastructure", "src\AnimeFranchises\AnimeFranchises.Infrastructure\AnimeFranchises.Infrastructure.csproj", "{11FDF83A-7AF8-479C-967C-97B8681D8ECC}"
EndProject
Project("{FAE04EC0-301F-11D3-BF4B-00C04F79EFBC}") = "AnimeFranchises.Presentation", "src\AnimeFranchises\AnimeFranchises.Presentation\AnimeFranchises.Presentation.csproj", "{7F8E0C39-1855-49A2-8EF6-5C68C41B3BAB}"
EndProject
Project("{2150E333-8FDC-42A3-9474-1A3956D46DE8}") = "AnimeMovies", "AnimeMovies", "{6B965710-6FB3-4953-A451-47DCA17723BC}"
EndProject
Project("{FAE04EC0-301F-11D3-BF4B-00C04F79EFBC}") = "AnimeMovies.Api", "src\AnimeMovies\AnimeMovies.Api\AnimeMovies.Api.csproj", "{6AE8A918-09F7-497C-A93D-8D727340C16E}"
EndProject
Project("{FAE04EC0-301F-11D3-BF4B-00C04F79EFBC}") = "AnimeMovies.Application", "src\AnimeMovies\AnimeMovies.Application\AnimeMovies.Application.csproj", "{2F42BA8D-E4B2-4385-8471-9B82EF0ED500}"
EndProject
Project("{FAE04EC0-301F-11D3-BF4B-00C04F79EFBC}") = "AnimeMovies.Domain", "src\AnimeMovies\AnimeMovies.Domain\AnimeMovies.Domain.csproj", "{B5359F7D-3111-4253-8909-406351210990}"
EndProject
Project("{FAE04EC0-301F-11D3-BF4B-00C04F79EFBC}") = "AnimeMovies.Infrastructure", "src\AnimeMovies\AnimeMovies.Infrastructure\AnimeMovies.Infrastructure.csproj", "{99FF95A9-E295-45CC-9D75-C4345BB2FC68}"
EndProject
Project("{FAE04EC0-301F-11D3-BF4B-00C04F79EFBC}") = "AnimeMovies.Presentation", "src\AnimeMovies\AnimeMovies.Presentation\AnimeMovies.Presentation.csproj", "{7E1A7878-3018-44D3-A078-20D4A8E1D2A8}"
EndProject
Project("{2150E333-8FDC-42A3-9474-1A3956D46DE8}") = "AnimeSeries", "AnimeSeries", "{21C08B64-6846-4426-9E20-8EB3112450EE}"
EndProject
Project("{FAE04EC0-301F-11D3-BF4B-00C04F79EFBC}") = "AnimeSeries.Api", "src\AnimeSeries\AnimeSeries.Api\AnimeSeries.Api.csproj", "{EBCE9BB2-0725-46BF-8743-E4E44470A1A5}"
EndProject
Project("{FAE04EC0-301F-11D3-BF4B-00C04F79EFBC}") = "AnimeSeries.Application", "src\AnimeSeries\AnimeSeries.Application\AnimeSeries.Application.csproj", "{747D75CF-B0E1-4E78-A76C-0CED6324EF41}"
EndProject
Project("{FAE04EC0-301F-11D3-BF4B-00C04F79EFBC}") = "AnimeSeries.Domain", "src\AnimeSeries\AnimeSeries.Domain\AnimeSeries.Domain.csproj", "{AEBD7A2E-19D4-4192-A416-0A9233A38DC3}"
EndProject
Project("{FAE04EC0-301F-11D3-BF4B-00C04F79EFBC}") = "AnimeSeries.Infrastructure", "src\AnimeSeries\AnimeSeries.Infrastructure\AnimeSeries.Infrastructure.csproj", "{F9D36969-B6DF-4775-9C6C-860CBA39AD0C}"
EndProject
Project("{FAE04EC0-301F-11D3-BF4B-00C04F79EFBC}") = "AnimeSeries.Presentation", "src\AnimeSeries\AnimeSeries.Presentation\AnimeSeries.Presentation.csproj", "{32E7557C-6AE1-459C-82F2-B6FD91779ACF}"
EndProject
Project("{FAE04EC0-301F-11D3-BF4B-00C04F79EFBC}") = "ApiGateway", "src\ApiGateway\ApiGateway.csproj", "{AFAE0C11-5708-4EF0-B3C0-07917B8C63D5}"
EndProject
Global
	GlobalSection(SolutionConfigurationPlatforms) = preSolution
		Debug|Any CPU = Debug|Any CPU
		Release|Any CPU = Release|Any CPU
	EndGlobalSection
	GlobalSection(SolutionProperties) = preSolution
		HideSolutionNode = FALSE
	EndGlobalSection
	GlobalSection(ProjectConfigurationPlatforms) = postSolution
		{F132502F-22AC-41CA-82E7-BF3E7EE32FDA}.Debug|Any CPU.ActiveCfg = Debug|Any CPU
		{F132502F-22AC-41CA-82E7-BF3E7EE32FDA}.Debug|Any CPU.Build.0 = Debug|Any CPU
		{F132502F-22AC-41CA-82E7-BF3E7EE32FDA}.Release|Any CPU.ActiveCfg = Release|Any CPU
		{F132502F-22AC-41CA-82E7-BF3E7EE32FDA}.Release|Any CPU.Build.0 = Release|Any CPU
		{4A795AAE-06B5-431F-9919-6C450CB32A60}.Debug|Any CPU.ActiveCfg = Debug|Any CPU
		{4A795AAE-06B5-431F-9919-6C450CB32A60}.Debug|Any CPU.Build.0 = Debug|Any CPU
		{4A795AAE-06B5-431F-9919-6C450CB32A60}.Release|Any CPU.ActiveCfg = Release|Any CPU
		{4A795AAE-06B5-431F-9919-6C450CB32A60}.Release|Any CPU.Build.0 = Release|Any CPU
		{6CCD0DC5-44F1-4433-9551-59BE8661C148}.Debug|Any CPU.ActiveCfg = Debug|Any CPU
		{6CCD0DC5-44F1-4433-9551-59BE8661C148}.Debug|Any CPU.Build.0 = Debug|Any CPU
		{6CCD0DC5-44F1-4433-9551-59BE8661C148}.Release|Any CPU.ActiveCfg = Release|Any CPU
		{6CCD0DC5-44F1-4433-9551-59BE8661C148}.Release|Any CPU.Build.0 = Release|Any CPU
		{ED2731FB-91DD-4075-B49A-6F9047C6D3E2}.Debug|Any CPU.ActiveCfg = Debug|Any CPU
		{ED2731FB-91DD-4075-B49A-6F9047C6D3E2}.Debug|Any CPU.Build.0 = Debug|Any CPU
		{ED2731FB-91DD-4075-B49A-6F9047C6D3E2}.Release|Any CPU.ActiveCfg = Release|Any CPU
		{ED2731FB-91DD-4075-B49A-6F9047C6D3E2}.Release|Any CPU.Build.0 = Release|Any CPU
		{7152758E-5FB3-49DB-BF1C-A080E94D8AB3}.Debug|Any CPU.ActiveCfg = Debug|Any CPU
		{7152758E-5FB3-49DB-BF1C-A080E94D8AB3}.Debug|Any CPU.Build.0 = Debug|Any CPU
		{7152758E-5FB3-49DB-BF1C-A080E94D8AB3}.Release|Any CPU.ActiveCfg = Release|Any CPU
		{7152758E-5FB3-49DB-BF1C-A080E94D8AB3}.Release|Any CPU.Build.0 = Release|Any CPU
		{0E534191-A3AF-4E65-851F-F4B9E9B3FC12}.Debug|Any CPU.ActiveCfg = Debug|Any CPU
		{0E534191-A3AF-4E65-851F-F4B9E9B3FC12}.Debug|Any CPU.Build.0 = Debug|Any CPU
		{0E534191-A3AF-4E65-851F-F4B9E9B3FC12}.Release|Any CPU.ActiveCfg = Release|Any CPU
		{0E534191-A3AF-4E65-851F-F4B9E9B3FC12}.Release|Any CPU.Build.0 = Release|Any CPU
		{3DA711B0-6F84-4707-B882-84614EF1461D}.Debug|Any CPU.ActiveCfg = Debug|Any CPU
		{3DA711B0-6F84-4707-B882-84614EF1461D}.Debug|Any CPU.Build.0 = Debug|Any CPU
		{3DA711B0-6F84-4707-B882-84614EF1461D}.Release|Any CPU.ActiveCfg = Release|Any CPU
		{3DA711B0-6F84-4707-B882-84614EF1461D}.Release|Any CPU.Build.0 = Release|Any CPU
		{9F32D7B8-A361-422B-BE74-39E21DC0639F}.Debug|Any CPU.ActiveCfg = Debug|Any CPU
		{9F32D7B8-A361-422B-BE74-39E21DC0639F}.Debug|Any CPU.Build.0 = Debug|Any CPU
		{9F32D7B8-A361-422B-BE74-39E21DC0639F}.Release|Any CPU.ActiveCfg = Release|Any CPU
		{9F32D7B8-A361-422B-BE74-39E21DC0639F}.Release|Any CPU.Build.0 = Release|Any CPU
		{11FDF83A-7AF8-479C-967C-97B8681D8ECC}.Debug|Any CPU.ActiveCfg = Debug|Any CPU
		{11FDF83A-7AF8-479C-967C-97B8681D8ECC}.Debug|Any CPU.Build.0 = Debug|Any CPU
		{11FDF83A-7AF8-479C-967C-97B8681D8ECC}.Release|Any CPU.ActiveCfg = Release|Any CPU
		{11FDF83A-7AF8-479C-967C-97B8681D8ECC}.Release|Any CPU.Build.0 = Release|Any CPU
		{7F8E0C39-1855-49A2-8EF6-5C68C41B3BAB}.Debug|Any CPU.ActiveCfg = Debug|Any CPU
		{7F8E0C39-1855-49A2-8EF6-5C68C41B3BAB}.Debug|Any CPU.Build.0 = Debug|Any CPU
		{7F8E0C39-1855-49A2-8EF6-5C68C41B3BAB}.Release|Any CPU.ActiveCfg = Release|Any CPU
		{7F8E0C39-1855-49A2-8EF6-5C68C41B3BAB}.Release|Any CPU.Build.0 = Release|Any CPU
		{6AE8A918-09F7-497C-A93D-8D727340C16E}.Debug|Any CPU.ActiveCfg = Debug|Any CPU
		{6AE8A918-09F7-497C-A93D-8D727340C16E}.Debug|Any CPU.Build.0 = Debug|Any CPU
		{6AE8A918-09F7-497C-A93D-8D727340C16E}.Release|Any CPU.ActiveCfg = Release|Any CPU
		{6AE8A918-09F7-497C-A93D-8D727340C16E}.Release|Any CPU.Build.0 = Release|Any CPU
		{2F42BA8D-E4B2-4385-8471-9B82EF0ED500}.Debug|Any CPU.ActiveCfg = Debug|Any CPU
		{2F42BA8D-E4B2-4385-8471-9B82EF0ED500}.Debug|Any CPU.Build.0 = Debug|Any CPU
		{2F42BA8D-E4B2-4385-8471-9B82EF0ED500}.Release|Any CPU.ActiveCfg = Release|Any CPU
		{2F42BA8D-E4B2-4385-8471-9B82EF0ED500}.Release|Any CPU.Build.0 = Release|Any CPU
		{B5359F7D-3111-4253-8909-406351210990}.Debug|Any CPU.ActiveCfg = Debug|Any CPU
		{B5359F7D-3111-4253-8909-406351210990}.Debug|Any CPU.Build.0 = Debug|Any CPU
		{B5359F7D-3111-4253-8909-406351210990}.Release|Any CPU.ActiveCfg = Release|Any CPU
		{B5359F7D-3111-4253-8909-406351210990}.Release|Any CPU.Build.0 = Release|Any CPU
		{99FF95A9-E295-45CC-9D75-C4345BB2FC68}.Debug|Any CPU.ActiveCfg = Debug|Any CPU
		{99FF95A9-E295-45CC-9D75-C4345BB2FC68}.Debug|Any CPU.Build.0 = Debug|Any CPU
		{99FF95A9-E295-45CC-9D75-C4345BB2FC68}.Release|Any CPU.ActiveCfg = Release|Any CPU
		{99FF95A9-E295-45CC-9D75-C4345BB2FC68}.Release|Any CPU.Build.0 = Release|Any CPU
		{7E1A7878-3018-44D3-A078-20D4A8E1D2A8}.Debug|Any CPU.ActiveCfg = Debug|Any CPU
		{7E1A7878-3018-44D3-A078-20D4A8E1D2A8}.Debug|Any CPU.Build.0 = Debug|Any CPU
		{7E1A7878-3018-44D3-A078-20D4A8E1D2A8}.Release|Any CPU.ActiveCfg = Release|Any CPU
		{7E1A7878-3018-44D3-A078-20D4A8E1D2A8}.Release|Any CPU.Build.0 = Release|Any CPU
		{EBCE9BB2-0725-46BF-8743-E4E44470A1A5}.Debug|Any CPU.ActiveCfg = Debug|Any CPU
		{EBCE9BB2-0725-46BF-8743-E4E44470A1A5}.Debug|Any CPU.Build.0 = Debug|Any CPU
		{EBCE9BB2-0725-46BF-8743-E4E44470A1A5}.Release|Any CPU.ActiveCfg = Release|Any CPU
		{EBCE9BB2-0725-46BF-8743-E4E44470A1A5}.Release|Any CPU.Build.0 = Release|Any CPU
		{747D75CF-B0E1-4E78-A76C-0CED6324EF41}.Debug|Any CPU.ActiveCfg = Debug|Any CPU
		{747D75CF-B0E1-4E78-A76C-0CED6324EF41}.Debug|Any CPU.Build.0 = Debug|Any CPU
		{747D75CF-B0E1-4E78-A76C-0CED6324EF41}.Release|Any CPU.ActiveCfg = Release|Any CPU
		{747D75CF-B0E1-4E78-A76C-0CED6324EF41}.Release|Any CPU.Build.0 = Release|Any CPU
		{AEBD7A2E-19D4-4192-A416-0A9233A38DC3}.Debug|Any CPU.ActiveCfg = Debug|Any CPU
		{AEBD7A2E-19D4-4192-A416-0A9233A38DC3}.Debug|Any CPU.Build.0 = Debug|Any CPU
		{AEBD7A2E-19D4-4192-A416-0A9233A38DC3}.Release|Any CPU.ActiveCfg = Release|Any CPU
		{AEBD7A2E-19D4-4192-A416-0A9233A38DC3}.Release|Any CPU.Build.0 = Release|Any CPU
		{F9D36969-B6DF-4775-9C6C-860CBA39AD0C}.Debug|Any CPU.ActiveCfg = Debug|Any CPU
		{F9D36969-B6DF-4775-9C6C-860CBA39AD0C}.Debug|Any CPU.Build.0 = Debug|Any CPU
		{F9D36969-B6DF-4775-9C6C-860CBA39AD0C}.Release|Any CPU.ActiveCfg = Release|Any CPU
		{F9D36969-B6DF-4775-9C6C-860CBA39AD0C}.Release|Any CPU.Build.0 = Release|Any CPU
		{32E7557C-6AE1-459C-82F2-B6FD91779ACF}.Debug|Any CPU.ActiveCfg = Debug|Any CPU
		{32E7557C-6AE1-459C-82F2-B6FD91779ACF}.Debug|Any CPU.Build.0 = Debug|Any CPU
		{32E7557C-6AE1-459C-82F2-B6FD91779ACF}.Release|Any CPU.ActiveCfg = Release|Any CPU
		{32E7557C-6AE1-459C-82F2-B6FD91779ACF}.Release|Any CPU.Build.0 = Release|Any CPU
		{AFAE0C11-5708-4EF0-B3C0-07917B8C63D5}.Debug|Any CPU.ActiveCfg = Debug|Any CPU
		{AFAE0C11-5708-4EF0-B3C0-07917B8C63D5}.Debug|Any CPU.Build.0 = Debug|Any CPU
		{AFAE0C11-5708-4EF0-B3C0-07917B8C63D5}.Release|Any CPU.ActiveCfg = Release|Any CPU
		{AFAE0C11-5708-4EF0-B3C0-07917B8C63D5}.Release|Any CPU.Build.0 = Release|Any CPU
	EndGlobalSection
	GlobalSection(NestedProjects) = preSolution
		{C0488660-1568-44E3-851E-67AF2E3E4E54} = {734CA8EB-343C-4325-BCB8-87DAE75787ED}
		{F132502F-22AC-41CA-82E7-BF3E7EE32FDA} = {C0488660-1568-44E3-851E-67AF2E3E4E54}
		{4A795AAE-06B5-431F-9919-6C450CB32A60} = {C0488660-1568-44E3-851E-67AF2E3E4E54}
		{6CCD0DC5-44F1-4433-9551-59BE8661C148} = {C0488660-1568-44E3-851E-67AF2E3E4E54}
		{ED2731FB-91DD-4075-B49A-6F9047C6D3E2} = {C0488660-1568-44E3-851E-67AF2E3E4E54}
		{7152758E-5FB3-49DB-BF1C-A080E94D8AB3} = {C0488660-1568-44E3-851E-67AF2E3E4E54}
		{9824803E-227D-4DE8-8078-681BBD5C9657} = {734CA8EB-343C-4325-BCB8-87DAE75787ED}
		{0E534191-A3AF-4E65-851F-F4B9E9B3FC12} = {9824803E-227D-4DE8-8078-681BBD5C9657}
		{3DA711B0-6F84-4707-B882-84614EF1461D} = {9824803E-227D-4DE8-8078-681BBD5C9657}
		{9F32D7B8-A361-422B-BE74-39E21DC0639F} = {9824803E-227D-4DE8-8078-681BBD5C9657}
		{11FDF83A-7AF8-479C-967C-97B8681D8ECC} = {9824803E-227D-4DE8-8078-681BBD5C9657}
		{7F8E0C39-1855-49A2-8EF6-5C68C41B3BAB} = {9824803E-227D-4DE8-8078-681BBD5C9657}
		{6B965710-6FB3-4953-A451-47DCA17723BC} = {734CA8EB-343C-4325-BCB8-87DAE75787ED}
		{6AE8A918-09F7-497C-A93D-8D727340C16E} = {6B965710-6FB3-4953-A451-47DCA17723BC}
		{2F42BA8D-E4B2-4385-8471-9B82EF0ED500} = {6B965710-6FB3-4953-A451-47DCA17723BC}
		{B5359F7D-3111-4253-8909-406351210990} = {6B965710-6FB3-4953-A451-47DCA17723BC}
		{99FF95A9-E295-45CC-9D75-C4345BB2FC68} = {6B965710-6FB3-4953-A451-47DCA17723BC}
		{7E1A7878-3018-44D3-A078-20D4A8E1D2A8} = {6B965710-6FB3-4953-A451-47DCA17723BC}
		{21C08B64-6846-4426-9E20-8EB3112450EE} = {734CA8EB-343C-4325-BCB8-87DAE75787ED}
		{EBCE9BB2-0725-46BF-8743-E4E44470A1A5} = {21C08B64-6846-4426-9E20-8EB3112450EE}
		{747D75CF-B0E1-4E78-A76C-0CED6324EF41} = {21C08B64-6846-4426-9E20-8EB3112450EE}
		{AEBD7A2E-19D4-4192-A416-0A9233A38DC3} = {21C08B64-6846-4426-9E20-8EB3112450EE}
		{F9D36969-B6DF-4775-9C6C-860CBA39AD0C} = {21C08B64-6846-4426-9E20-8EB3112450EE}
		{32E7557C-6AE1-459C-82F2-B6FD91779ACF} = {21C08B64-6846-4426-9E20-8EB3112450EE}
		{AFAE0C11-5708-4EF0-B3C0-07917B8C63D5} = {734CA8EB-343C-4325-BCB8-87DAE75787ED}
	EndGlobalSection
EndGlobal
